
Microsoft Visual Studio Solution File, Format Version 12.00
# Visual Studio Version 17
VisualStudioVersion = 17.11.35312.102
MinimumVisualStudioVersion = 10.0.40219.1
Project("{FAE04EC0-301F-11D3-BF4B-00C04F79EFBC}") = "01_MainSubjects", "01_MainSubjects\01_MainSubjects.csproj", "{839D3087-BA24-4338-9877-5BF3DB14DA60}"
EndProject
Project("{FAE04EC0-301F-11D3-BF4B-00C04F79EFBC}") = "02_Variables", "02_Variables\02_Variables.csproj", "{7793378A-73B7-426E-B3CC-4F7C36B94341}"
EndProject
Global
	GlobalSection(SolutionConfigurationPlatforms) = preSolution
		Debug|Any CPU = Debug|Any CPU
		Release|Any CPU = Release|Any CPU
	EndGlobalSection
	GlobalSection(ProjectConfigurationPlatforms) = postSolution
		{839D3087-BA24-4338-9877-5BF3DB14DA60}.Debug|Any CPU.ActiveCfg = Debug|Any CPU
		{839D3087-BA24-4338-9877-5BF3DB14DA60}.Debug|Any CPU.Build.0 = Debug|Any CPU
		{839D3087-BA24-4338-9877-5BF3DB14DA60}.Release|Any CPU.ActiveCfg = Release|Any CPU
		{839D3087-BA24-4338-9877-5BF3DB14DA60}.Release|Any CPU.Build.0 = Release|Any CPU
		{7793378A-73B7-426E-B3CC-4F7C36B94341}.Debug|Any CPU.ActiveCfg = Debug|Any CPU
		{7793378A-73B7-426E-B3CC-4F7C36B94341}.Debug|Any CPU.Build.0 = Debug|Any CPU
		{7793378A-73B7-426E-B3CC-4F7C36B94341}.Release|Any CPU.ActiveCfg = Release|Any CPU
		{7793378A-73B7-426E-B3CC-4F7C36B94341}.Release|Any CPU.Build.0 = Release|Any CPU
	EndGlobalSection
	GlobalSection(SolutionProperties) = preSolution
		HideSolutionNode = FALSE
	EndGlobalSection
	GlobalSection(ExtensibilityGlobals) = postSolution
		SolutionGuid = {1B14B35E-1388-4E6F-8904-B91AF8C15AC1}
	EndGlobalSection
EndGlobal
